
Microsoft Visual Studio Solution File, Format Version 12.00
# Visual Studio 15
VisualStudioVersion = 15.0.27703.2000
MinimumVisualStudioVersion = 10.0.40219.1
Project("{9A19103F-16F7-4668-BE54-9A1E7A4F7556}") = "Pi-Hosts", "Pi-Hosts\Pi-Hosts.csproj", "{03CE17E6-DDA4-4189-9017-D28A57664785}"
EndProject
Global
	GlobalSection(Performance) = preSolution
		HasPerformanceSessions = true
	EndGlobalSection
	GlobalSection(SolutionConfigurationPlatforms) = preSolution
		Debug|Any CPU = Debug|Any CPU
		Release|Any CPU = Release|Any CPU
	EndGlobalSection
	GlobalSection(ProjectConfigurationPlatforms) = postSolution
		{03CE17E6-DDA4-4189-9017-D28A57664785}.Debug|Any CPU.ActiveCfg = Debug|Any CPU
		{03CE17E6-DDA4-4189-9017-D28A57664785}.Debug|Any CPU.Build.0 = Debug|Any CPU
		{03CE17E6-DDA4-4189-9017-D28A57664785}.Release|Any CPU.ActiveCfg = Release|Any CPU
		{03CE17E6-DDA4-4189-9017-D28A57664785}.Release|Any CPU.Build.0 = Release|Any CPU
	EndGlobalSection
	GlobalSection(SolutionProperties) = preSolution
		HideSolutionNode = FALSE
	EndGlobalSection
	GlobalSection(ExtensibilityGlobals) = postSolution
		SolutionGuid = {074E65F8-23F7-4D9C-A687-6B96F191EB18}
	EndGlobalSection
EndGlobal
